// !$*UTF8*$!
{
	archiveVersion = 1;
	classes = {
	};
	objectVersion = 46;
	objects = {

/* Begin PBXBuildFile section */
		7C6C67241D578A6400396DB6 /* main.m in Sources */ = {isa = PBXBuildFile; fileRef = 7C6C67231D578A6400396DB6 /* main.m */; };
		7C6C67271D578A6400396DB6 /* AppDelegate.m in Sources */ = {isa = PBXBuildFile; fileRef = 7C6C67261D578A6400396DB6 /* AppDelegate.m */; };
		7C6C672A1D578A6400396DB6 /* ViewController.m in Sources */ = {isa = PBXBuildFile; fileRef = 7C6C67291D578A6400396DB6 /* ViewController.m */; };
		7C6C672D1D578A6400396DB6 /* Main.storyboard in Resources */ = {isa = PBXBuildFile; fileRef = 7C6C672B1D578A6400396DB6 /* Main.storyboard */; };
		7C6C672F1D578A6400396DB6 /* Assets.xcassets in Resources */ = {isa = PBXBuildFile; fileRef = 7C6C672E1D578A6400396DB6 /* Assets.xcassets */; };
		7C6C67321D578A6400396DB6 /* LaunchScreen.storyboard in Resources */ = {isa = PBXBuildFile; fileRef = 7C6C67301D578A6400396DB6 /* LaunchScreen.storyboard */; };
		7C6C673B1D578AA500396DB6 /* UIImage+WDCategory.m in Sources */ = {isa = PBXBuildFile; fileRef = 7C6C673A1D578AA500396DB6 /* UIImage+WDCategory.m */; settings = {ASSET_TAGS = (); }; };
		7C6C673D1D579BD500396DB6 /* QuartzCore.framework in Frameworks */ = {isa = PBXBuildFile; fileRef = 7C6C673C1D579BD500396DB6 /* QuartzCore.framework */; };
		7C6C673F1D579BE600396DB6 /* CoreGraphics.framework in Frameworks */ = {isa = PBXBuildFile; fileRef = 7C6C673E1D579BE600396DB6 /* CoreGraphics.framework */; };
/* End PBXBuildFile section */

/* Begin PBXFileReference section */
		7C6C671F1D578A6400396DB6 /* Image_extension.app */ = {isa = PBXFileReference; explicitFileType = wrapper.application; includeInIndex = 0; path = Image_extension.app; sourceTree = BUILT_PRODUCTS_DIR; };
		7C6C67231D578A6400396DB6 /* main.m */ = {isa = PBXFileReference; lastKnownFileType = sourcecode.c.objc; path = main.m; sourceTree = "<group>"; };
		7C6C67251D578A6400396DB6 /* AppDelegate.h */ = {isa = PBXFileReference; lastKnownFileType = sourcecode.c.h; path = AppDelegate.h; sourceTree = "<group>"; };
		7C6C67261D578A6400396DB6 /* AppDelegate.m */ = {isa = PBXFileReference; lastKnownFileType = sourcecode.c.objc; path = AppDelegate.m; sourceTree = "<group>"; };
		7C6C67281D578A6400396DB6 /* ViewController.h */ = {isa = PBXFileReference; lastKnownFileType = sourcecode.c.h; path = ViewController.h; sourceTree = "<group>"; };
		7C6C67291D578A6400396DB6 /* ViewController.m */ = {isa = PBXFileReference; lastKnownFileType = sourcecode.c.objc; path = ViewController.m; sourceTree = "<group>"; };
		7C6C672C1D578A6400396DB6 /* Base */ = {isa = PBXFileReference; lastKnownFileType = file.storyboard; name = Base; path = Base.lproj/Main.storyboard; sourceTree = "<group>"; };
		7C6C672E1D578A6400396DB6 /* Assets.xcassets */ = {isa = PBXFileReference; lastKnownFileType = folder.assetcatalog; path = Assets.xcassets; sourceTree = "<group>"; };
		7C6C67311D578A6400396DB6 /* Base */ = {isa = PBXFileReference; lastKnownFileType = file.storyboard; name = Base; path = Base.lproj/LaunchScreen.storyboard; sourceTree = "<group>"; };
		7C6C67331D578A6400396DB6 /* Info.plist */ = {isa = PBXFileReference; lastKnownFileType = text.plist.xml; path = Info.plist; sourceTree = "<group>"; };
		7C6C67391D578AA500396DB6 /* UIImage+WDCategory.h */ = {isa = PBXFileReference; fileEncoding = 4; lastKnownFileType = sourcecode.c.h; path = "UIImage+WDCategory.h"; sourceTree = "<group>"; };
		7C6C673A1D578AA500396DB6 /* UIImage+WDCategory.m */ = {isa = PBXFileReference; fileEncoding = 4; lastKnownFileType = sourcecode.c.objc; path = "UIImage+WDCategory.m"; sourceTree = "<group>"; };
		7C6C673C1D579BD500396DB6 /* QuartzCore.framework */ = {isa = PBXFileReference; lastKnownFileType = wrapper.framework; name = QuartzCore.framework; path = System/Library/Frameworks/QuartzCore.framework; sourceTree = SDKROOT; };
		7C6C673E1D579BE600396DB6 /* CoreGraphics.framework */ = {isa = PBXFileReference; lastKnownFileType = wrapper.framework; name = CoreGraphics.framework; path = System/Library/Frameworks/CoreGraphics.framework; sourceTree = SDKROOT; };
/* End PBXFileReference section */

/* Begin PBXFrameworksBuildPhase section */
		7C6C671C1D578A6400396DB6 /* Frameworks */ = {
			isa = PBXFrameworksBuildPhase;
			buildActionMask = 2147483647;
			files = (
				7C6C673F1D579BE600396DB6 /* CoreGraphics.framework in Frameworks */,
				7C6C673D1D579BD500396DB6 /* QuartzCore.framework in Frameworks */,
			);
			runOnlyForDeploymentPostprocessing = 0;
		};
/* End PBXFrameworksBuildPhase section */

/* Begin PBXGroup section */
		7C6C67161D578A6400396DB6 = {
			isa = PBXGroup;
			children = (
				7C6C673E1D579BE600396DB6 /* CoreGraphics.framework */,
				7C6C673C1D579BD500396DB6 /* QuartzCore.framework */,
				7C6C67211D578A6400396DB6 /* Image_extension */,
				7C6C67201D578A6400396DB6 /* Products */,
			);
			sourceTree = "<group>";
		};
		7C6C67201D578A6400396DB6 /* Products */ = {
			isa = PBXGroup;
			children = (
				7C6C671F1D578A6400396DB6 /* Image_extension.app */,
			);
			name = Products;
			sourceTree = "<group>";
		};
		7C6C67211D578A6400396DB6 /* Image_extension */ = {
			isa = PBXGroup;
			children = (
				7C6C67251D578A6400396DB6 /* AppDelegate.h */,
				7C6C67261D578A6400396DB6 /* AppDelegate.m */,
				7C6C67281D578A6400396DB6 /* ViewController.h */,
				7C6C67291D578A6400396DB6 /* ViewController.m */,
				7C6C67391D578AA500396DB6 /* UIImage+WDCategory.h */,
				7C6C673A1D578AA500396DB6 /* UIImage+WDCategory.m */,
				7C6C672B1D578A6400396DB6 /* Main.storyboard */,
				7C6C672E1D578A6400396DB6 /* Assets.xcassets */,
				7C6C67301D578A6400396DB6 /* LaunchScreen.storyboard */,
				7C6C67331D578A6400396DB6 /* Info.plist */,
				7C6C67221D578A6400396DB6 /* Supporting Files */,
			);
			path = Image_extension;
			sourceTree = "<group>";
		};
		7C6C67221D578A6400396DB6 /* Supporting Files */ = {
			isa = PBXGroup;
			children = (
				7C6C67231D578A6400396DB6 /* main.m */,
			);
			name = "Supporting Files";
			sourceTree = "<group>";
		};
/* End PBXGroup section */

/* Begin PBXNativeTarget section */
		7C6C671E1D578A6400396DB6 /* Image_extension */ = {
			isa = PBXNativeTarget;
			buildConfigurationList = 7C6C67361D578A6400396DB6 /* Build configuration list for PBXNativeTarget "Image_extension" */;
			buildPhases = (
				7C6C671B1D578A6400396DB6 /* Sources */,
				7C6C671C1D578A6400396DB6 /* Frameworks */,
				7C6C671D1D578A6400396DB6 /* Resources */,
			);
			buildRules = (
			);
			dependencies = (
			);
			name = Image_extension;
			productName = Image_extension;
			productReference = 7C6C671F1D578A6400396DB6 /* Image_extension.app */;
			productType = "com.apple.product-type.application";
		};
/* End PBXNativeTarget section */

/* Begin PBXProject section */
		7C6C67171D578A6400396DB6 /* Project object */ = {
			isa = PBXProject;
			attributes = {
				LastUpgradeCheck = 0700;
				ORGANIZATIONNAME = TTYL;
				TargetAttributes = {
					7C6C671E1D578A6400396DB6 = {
						CreatedOnToolsVersion = 7.0;
					};
				};
			};
			buildConfigurationList = 7C6C671A1D578A6400396DB6 /* Build configuration list for PBXProject "Image_extension" */;
			compatibilityVersion = "Xcode 3.2";
			developmentRegion = English;
			hasScannedForEncodings = 0;
			knownRegions = (
				en,
				Base,
			);
			mainGroup = 7C6C67161D578A6400396DB6;
			productRefGroup = 7C6C67201D578A6400396DB6 /* Products */;
			projectDirPath = "";
			projectRoot = "";
			targets = (
				7C6C671E1D578A6400396DB6 /* Image_extension */,
			);
		};
/* End PBXProject section */

/* Begin PBXResourcesBuildPhase section */
		7C6C671D1D578A6400396DB6 /* Resources */ = {
			isa = PBXResourcesBuildPhase;
			buildActionMask = 2147483647;
			files = (
				7C6C67321D578A6400396DB6 /* LaunchScreen.storyboard in Resources */,
				7C6C672F1D578A6400396DB6 /* Assets.xcassets in Resources */,
				7C6C672D1D578A6400396DB6 /* Main.storyboard in Resources */,
			);
			runOnlyForDeploymentPostprocessing = 0;
		};
/* End PBXResourcesBuildPhase section */

/* Begin PBXSourcesBuildPhase section */
		7C6C671B1D578A6400396DB6 /* Sources */ = {
			isa = PBXSourcesBuildPhase;
			buildActionMask = 2147483647;
			files = (
				7C6C673B1D578AA500396DB6 /* UIImage+WDCategory.m in Sources */,
				7C6C672A1D578A6400396DB6 /* ViewController.m in Sources */,
				7C6C67271D578A6400396DB6 /* AppDelegate.m in Sources */,
				7C6C67241D578A6400396DB6 /* main.m in Sources */,
			);
			runOnlyForDeploymentPostprocessing = 0;
		};
/* End PBXSourcesBuildPhase section */

/* Begin PBXVariantGroup section */
		7C6C672B1D578A6400396DB6 /* Main.storyboard */ = {
			isa = PBXVariantGroup;
			children = (
				7C6C672C1D578A6400396DB6 /* Base */,
			);
			name = Main.storyboard;
			sourceTree = "<group>";
		};
		7C6C67301D578A6400396DB6 /* LaunchScreen.storyboard */ = {
			isa = PBXVariantGroup;
			children = (
				7C6C67311D578A6400396DB6 /* Base */,
			);
			name = LaunchScreen.storyboard;
			sourceTree = "<group>";
		};
/* End PBXVariantGroup section */

/* Begin XCBuildConfiguration section */
		7C6C67341D578A6400396DB6 /* Debug */ = {
			isa = XCBuildConfiguration;
			buildSettings = {
				ALWAYS_SEARCH_USER_PATHS = NO;
				CLANG_CXX_LANGUAGE_STANDARD = "gnu++0x";
				CLANG_CXX_LIBRARY = "libc++";
				CLANG_ENABLE_MODULES = YES;
				CLANG_ENABLE_OBJC_ARC = YES;
				CLANG_WARN_BOOL_CONVERSION = YES;
				CLANG_WARN_CONSTANT_CONVERSION = YES;
				CLANG_WARN_DIRECT_OBJC_ISA_USAGE = YES_ERROR;
				CLANG_WARN_EMPTY_BODY = YES;
				CLANG_WARN_ENUM_CONVERSION = YES;
				CLANG_WARN_INT_CONVERSION = YES;
				CLANG_WARN_OBJC_ROOT_CLASS = YES_ERROR;
				CLANG_WARN_UNREACHABLE_CODE = YES;
				CLANG_WARN__DUPLICATE_METHOD_MATCH = YES;
				"CODE_SIGN_IDENTITY[sdk=iphoneos*]" = "iPhone Developer";
				COPY_PHASE_STRIP = NO;
				DEBUG_INFORMATION_FORMAT = dwarf;
				ENABLE_STRICT_OBJC_MSGSEND = YES;
				ENABLE_TESTABILITY = YES;
				GCC_C_LANGUAGE_STANDARD = gnu99;
				GCC_DYNAMIC_NO_PIC = NO;
				GCC_NO_COMMON_BLOCKS = YES;
				GCC_OPTIMIZATION_LEVEL = 0;
				GCC_PREPROCESSOR_DEFINITIONS = (
					"DEBUG=1",
					"$(inherited)",
				);
				GCC_WARN_64_TO_32_BIT_CONVERSION = YES;
				GCC_WARN_ABOUT_RETURN_TYPE = YES_ERROR;
				GCC_WARN_UNDECLARED_SELECTOR = YES;
				GCC_WARN_UNINITIALIZED_AUTOS = YES_AGGRESSIVE;
				GCC_WARN_UNUSED_FUNCTION = YES;
				GCC_WARN_UNUSED_VARIABLE = YES;
				IPHONEOS_DEPLOYMENT_TARGET = 9.0;
				MTL_ENABLE_DEBUG_INFO = YES;
				ONLY_ACTIVE_ARCH = YES;
				SDKROOT = iphoneos;
			};
			name = Debug;
		};
		7C6C67351D578A6400396DB6 /* Release */ = {
			isa = XCBuildConfiguration;
			buildSettings = {
				ALWAYS_SEARCH_USER_PATHS = NO;
				CLANG_CXX_LANGUAGE_STANDARD = "gnu++0x";
				CLANG_CXX_LIBRARY = "libc++";
				CLANG_ENABLE_MODULES = YES;
				CLANG_ENABLE_OBJC_ARC = YES;
				CLANG_WARN_BOOL_CONVERSION = YES;
				CLANG_WARN_CONSTANT_CONVERSION = YES;
				CLANG_WARN_DIRECT_OBJC_ISA_USAGE = YES_ERROR;
				CLANG_WARN_EMPTY_BODY = YES;
				CLANG_WARN_ENUM_CONVERSION = YES;
				CLANG_WARN_INT_CONVERSION = YES;
				CLANG_WARN_OBJC_ROOT_CLASS = YES_ERROR;
				CLANG_WARN_UNREACHABLE_CODE = YES;
				CLANG_WARN__DUPLICATE_METHOD_MATCH = YES;
				"CODE_SIGN_IDENTITY[sdk=iphoneos*]" = "iPhone Developer";
				COPY_PHASE_STRIP = NO;
				DEBUG_INFORMATION_FORMAT = "dwarf-with-dsym";
				ENABLE_NS_ASSERTIONS = NO;
				ENABLE_STRICT_OBJC_MSGSEND = YES;
				GCC_C_LANGUAGE_STANDARD = gnu99;
				GCC_NO_COMMON_BLOCKS = YES;
				GCC_WARN_64_TO_32_BIT_CONVERSION = YES;
				GCC_WARN_ABOUT_RETURN_TYPE = YES_ERROR;
				GCC_WARN_UNDECLARED_SELECTOR = YES;
				GCC_WARN_UNINITIALIZED_AUTOS = YES_AGGRESSIVE;
				GCC_WARN_UNUSED_FUNCTION = YES;
				GCC_WARN_UNUSED_VARIABLE = YES;
				IPHONEOS_DEPLOYMENT_TARGET = 9.0;
				MTL_ENABLE_DEBUG_INFO = NO;
				SDKROOT = iphoneos;
				VALIDATE_PRODUCT = YES;
			};
			name = Release;
		};
		7C6C67371D578A6400396DB6 /* Debug */ = {
			isa = XCBuildConfiguration;
			buildSettings = {
				ASSETCATALOG_COMPILER_APPICON_NAME = AppIcon;
				INFOPLIST_FILE = Image_extension/Info.plist;
				IPHONEOS_DEPLOYMENT_TARGET = 8.0;
				LD_RUNPATH_SEARCH_PATHS = "$(inherited) @executable_path/Frameworks";
				PRODUCT_BUNDLE_IDENTIFIER = "com.tting7.www.Image-extension";
				PRODUCT_NAME = "$(TARGET_NAME)";
			};
			name = Debug;
		};
		7C6C67381D578A6400396DB6 /* Release */ = {
			isa = XCBuildConfiguration;
			buildSettings = {
				ASSETCATALOG_COMPILER_APPICON_NAME = AppIcon;
				INFOPLIST_FILE = Image_extension/Info.plist;
				IPHONEOS_DEPLOYMENT_TARGET = 8.0;
				LD_RUNPATH_SEARCH_PATHS = "$(inherited) @executable_path/Frameworks";
				PRODUCT_BUNDLE_IDENTIFIER = "com.tting7.www.Image-extension";
				PRODUCT_NAME = "$(TARGET_NAME)";
			};
			name = Release;
		};
/* End XCBuildConfiguration section */

/* Begin XCConfigurationList section */
		7C6C671A1D578A6400396DB6 /* Build configuration list for PBXProject "Image_extension" */ = {
			isa = XCConfigurationList;
			buildConfigurations = (
				7C6C67341D578A6400396DB6 /* Debug */,
				7C6C67351D578A6400396DB6 /* Release */,
			);
			defaultConfigurationIsVisible = 0;
			defaultConfigurationName = Release;
		};
		7C6C67361D578A6400396DB6 /* Build configuration list for PBXNativeTarget "Image_extension" */ = {
			isa = XCConfigurationList;
			buildConfigurations = (
				7C6C67371D578A6400396DB6 /* Debug */,
				7C6C67381D578A6400396DB6 /* Release */,
			);
			defaultConfigurationIsVisible = 0;
		};
/* End XCConfigurationList section */
	};
	rootObject = 7C6C67171D578A6400396DB6 /* Project object */;
}
